
Microsoft Visual Studio Solution File, Format Version 12.00
# Visual Studio Version 16
VisualStudioVersion = 16.0.31515.178
MinimumVisualStudioVersion = 10.0.40219.1
Project("{9A19103F-16F7-4668-BE54-9A1E7A4F7556}") = "KnowYourToolset.BackEnd.Api", "KnowYourToolset.BackEnd.Api\KnowYourToolset.BackEnd.Api.csproj", "{DC924FBD-E9E5-4472-A2AA-EA118A3A6B15}"
EndProject
Project("{9A19103F-16F7-4668-BE54-9A1E7A4F7556}") = "KnowYourToolset.BackEnd.Logic", "KnowYourToolset.BackEnd.Logic\KnowYourToolset.BackEnd.Logic.csproj", "{E4D5D207-A4F7-48B9-A0AD-8CB50E55EAF8}"
EndProject
Project("{2150E333-8FDC-42A3-9474-1A3956D46DE8}") = "tests", "tests", "{F7E6C359-75B5-4E0B-85BE-CA3AB77B136C}"
EndProject
Project("{9A19103F-16F7-4668-BE54-9A1E7A4F7556}") = "KnowYourToolset.BackEnd.LogicTests", "tests\KnowYourToolset.BackEnd.LogicTests\KnowYourToolset.BackEnd.LogicTests.csproj", "{3E725541-4741-4122-990C-5D5DF59B553E}"
EndProject
Project("{2150E333-8FDC-42A3-9474-1A3956D46DE8}") = "Solution Items", "Solution Items", "{82339462-AF97-44EC-9E16-B273770708F0}"
	ProjectSection(SolutionItems) = preProject
		Instructions.md = Instructions.md
		README.md = README.md
	EndProjectSection
EndProject
Global
	GlobalSection(SolutionConfigurationPlatforms) = preSolution
		Debug|Any CPU = Debug|Any CPU
		Release|Any CPU = Release|Any CPU
	EndGlobalSection
	GlobalSection(ProjectConfigurationPlatforms) = postSolution
		{DC924FBD-E9E5-4472-A2AA-EA118A3A6B15}.Debug|Any CPU.ActiveCfg = Debug|Any CPU
		{DC924FBD-E9E5-4472-A2AA-EA118A3A6B15}.Debug|Any CPU.Build.0 = Debug|Any CPU
		{DC924FBD-E9E5-4472-A2AA-EA118A3A6B15}.Release|Any CPU.ActiveCfg = Release|Any CPU
		{DC924FBD-E9E5-4472-A2AA-EA118A3A6B15}.Release|Any CPU.Build.0 = Release|Any CPU
		{E4D5D207-A4F7-48B9-A0AD-8CB50E55EAF8}.Debug|Any CPU.ActiveCfg = Debug|Any CPU
		{E4D5D207-A4F7-48B9-A0AD-8CB50E55EAF8}.Debug|Any CPU.Build.0 = Debug|Any CPU
		{E4D5D207-A4F7-48B9-A0AD-8CB50E55EAF8}.Release|Any CPU.ActiveCfg = Release|Any CPU
		{E4D5D207-A4F7-48B9-A0AD-8CB50E55EAF8}.Release|Any CPU.Build.0 = Release|Any CPU
		{3E725541-4741-4122-990C-5D5DF59B553E}.Debug|Any CPU.ActiveCfg = Debug|Any CPU
		{3E725541-4741-4122-990C-5D5DF59B553E}.Debug|Any CPU.Build.0 = Debug|Any CPU
		{3E725541-4741-4122-990C-5D5DF59B553E}.Release|Any CPU.ActiveCfg = Release|Any CPU
		{3E725541-4741-4122-990C-5D5DF59B553E}.Release|Any CPU.Build.0 = Release|Any CPU
	EndGlobalSection
	GlobalSection(SolutionProperties) = preSolution
		HideSolutionNode = FALSE
	EndGlobalSection
	GlobalSection(NestedProjects) = preSolution
		{3E725541-4741-4122-990C-5D5DF59B553E} = {F7E6C359-75B5-4E0B-85BE-CA3AB77B136C}
	EndGlobalSection
	GlobalSection(ExtensibilityGlobals) = postSolution
		SolutionGuid = {AF59087C-24DD-45B5-8B12-F93CA4966380}
	EndGlobalSection
EndGlobal
