
Microsoft Visual Studio Solution File, Format Version 12.00
# Visual Studio Version 16
VisualStudioVersion = 16.0.31515.178
MinimumVisualStudioVersion = 10.0.40219.1
Project("{FAE04EC0-301F-11D3-BF4B-00C04F79EFBC}") = "KnowYourToolset.Api.Api", "KnowYourToolset.Api.Api\KnowYourToolset.Api.Api.csproj", "{DC924FBD-E9E5-4472-A2AA-EA118A3A6B15}"
EndProject
Global
	GlobalSection(SolutionConfigurationPlatforms) = preSolution
		Debug|Any CPU = Debug|Any CPU
		Release|Any CPU = Release|Any CPU
	EndGlobalSection
	GlobalSection(ProjectConfigurationPlatforms) = postSolution
		{DC924FBD-E9E5-4472-A2AA-EA118A3A6B15}.Debug|Any CPU.ActiveCfg = Debug|Any CPU
		{DC924FBD-E9E5-4472-A2AA-EA118A3A6B15}.Debug|Any CPU.Build.0 = Debug|Any CPU
		{DC924FBD-E9E5-4472-A2AA-EA118A3A6B15}.Release|Any CPU.ActiveCfg = Release|Any CPU
		{DC924FBD-E9E5-4472-A2AA-EA118A3A6B15}.Release|Any CPU.Build.0 = Release|Any CPU
	EndGlobalSection
	GlobalSection(SolutionProperties) = preSolution
		HideSolutionNode = FALSE
	EndGlobalSection
	GlobalSection(ExtensibilityGlobals) = postSolution
		SolutionGuid = {AF59087C-24DD-45B5-8B12-F93CA4966380}
	EndGlobalSection
EndGlobal
