
Microsoft Visual Studio Solution File, Format Version 12.00
# Visual Studio Version 17
VisualStudioVersion = 17.5.002.0
MinimumVisualStudioVersion = 10.0.40219.1
Project("{9A19103F-16F7-4668-BE54-9A1E7A4F7556}") = "KnowYourToolset.BackEnd.Bff", "bff\KnowYourToolset.BackEnd.Bff.csproj", "{C8F872D3-1074-45DF-B7AF-2A207554FEFF}"
EndProject
Global
	GlobalSection(SolutionConfigurationPlatforms) = preSolution
		Debug|Any CPU = Debug|Any CPU
		Release|Any CPU = Release|Any CPU
	EndGlobalSection
	GlobalSection(ProjectConfigurationPlatforms) = postSolution
		{C8F872D3-1074-45DF-B7AF-2A207554FEFF}.Debug|Any CPU.ActiveCfg = Debug|Any CPU
		{C8F872D3-1074-45DF-B7AF-2A207554FEFF}.Debug|Any CPU.Build.0 = Debug|Any CPU
		{C8F872D3-1074-45DF-B7AF-2A207554FEFF}.Release|Any CPU.ActiveCfg = Release|Any CPU
		{C8F872D3-1074-45DF-B7AF-2A207554FEFF}.Release|Any CPU.Build.0 = Release|Any CPU
	EndGlobalSection
	GlobalSection(SolutionProperties) = preSolution
		HideSolutionNode = FALSE
	EndGlobalSection
	GlobalSection(ExtensibilityGlobals) = postSolution
		SolutionGuid = {202791AF-C977-427B-9A0C-A05D99864A4E}
	EndGlobalSection
EndGlobal
